// !$*UTF8*$!
{
	archiveVersion = 1;
	classes = {
	};
	objectVersion = 56;
	objects = {

/* Begin PBXBuildFile section */
		FAC08D432BED30FF002D7EE4 /* DatabaseManager.swift in Sources */ = {isa = PBXBuildFile; fileRef = FAC08D422BED30FF002D7EE4 /* DatabaseManager.swift */; };
		FAC08D4F2BED43B2002D7EE4 /* Constants.swift in Sources */ = {isa = PBXBuildFile; fileRef = FAC08D4E2BED43B2002D7EE4 /* Constants.swift */; };
		FAC08D602BED5672002D7EE4 /* GridView.swift in Sources */ = {isa = PBXBuildFile; fileRef = FAC08D5F2BED5672002D7EE4 /* GridView.swift */; };
		FAC08D642BEDB4B8002D7EE4 /* GameManager.swift in Sources */ = {isa = PBXBuildFile; fileRef = FAC08D632BEDB4B8002D7EE4 /* GameManager.swift */; };
		FAC08D662BEDCE84002D7EE4 /* Tile.swift in Sources */ = {isa = PBXBuildFile; fileRef = FAC08D652BEDCE84002D7EE4 /* Tile.swift */; };
		FAC08D682BEDD9EE002D7EE4 /* User.swift in Sources */ = {isa = PBXBuildFile; fileRef = FAC08D672BEDD9EE002D7EE4 /* User.swift */; };
		FAC08D6A2BEE4EC4002D7EE4 /* TileView.swift in Sources */ = {isa = PBXBuildFile; fileRef = FAC08D692BEE4EC4002D7EE4 /* TileView.swift */; };
		FAC08D6C2BEE52EC002D7EE4 /* DayTextView.swift in Sources */ = {isa = PBXBuildFile; fileRef = FAC08D6B2BEE52EC002D7EE4 /* DayTextView.swift */; };
		FAC08D6E2BEE534D002D7EE4 /* ClicksLeftTextView.swift in Sources */ = {isa = PBXBuildFile; fileRef = FAC08D6D2BEE534D002D7EE4 /* ClicksLeftTextView.swift */; };
		FAC08D702BEE53AC002D7EE4 /* ScoresTextView.swift in Sources */ = {isa = PBXBuildFile; fileRef = FAC08D6F2BEE53AC002D7EE4 /* ScoresTextView.swift */; };
		FAC08D722BEE560F002D7EE4 /* GameView.swift in Sources */ = {isa = PBXBuildFile; fileRef = FAC08D712BEE560F002D7EE4 /* GameView.swift */; };
		FAC08D752BEE5712002D7EE4 /* CoolDownOverlayView.swift in Sources */ = {isa = PBXBuildFile; fileRef = FAC08D742BEE5712002D7EE4 /* CoolDownOverlayView.swift */; };
		FAC08D772BEE5730002D7EE4 /* RestartOverlayView.swift in Sources */ = {isa = PBXBuildFile; fileRef = FAC08D762BEE5730002D7EE4 /* RestartOverlayView.swift */; };
		FAC08D792BEE573C002D7EE4 /* SeeNextOverlayView.swift in Sources */ = {isa = PBXBuildFile; fileRef = FAC08D782BEE573C002D7EE4 /* SeeNextOverlayView.swift */; };
		FAC08D7B2BEE589A002D7EE4 /* ColourConstants.swift in Sources */ = {isa = PBXBuildFile; fileRef = FAC08D7A2BEE589A002D7EE4 /* ColourConstants.swift */; };
		FAC08D7E2BEE5BD4002D7EE4 /* GameButton.swift in Sources */ = {isa = PBXBuildFile; fileRef = FAC08D7D2BEE5BD3002D7EE4 /* GameButton.swift */; };
		FAC08D812BEE7529002D7EE4 /* TimerManager.swift in Sources */ = {isa = PBXBuildFile; fileRef = FAC08D802BEE7529002D7EE4 /* TimerManager.swift */; };
		FAC08D8A2BEEB78A002D7EE4 /* UserContainer.xcdatamodeld in Sources */ = {isa = PBXBuildFile; fileRef = FAC08D862BEEB789002D7EE4 /* UserContainer.xcdatamodeld */; };
		FAC08D8B2BEEB78A002D7EE4 /* MapContainer.xcdatamodeld in Sources */ = {isa = PBXBuildFile; fileRef = FAC08D882BEEB78A002D7EE4 /* MapContainer.xcdatamodeld */; };
		FAF00FF82BE43C33009674E8 /* GameJamApp.swift in Sources */ = {isa = PBXBuildFile; fileRef = FAF00FF72BE43C33009674E8 /* GameJamApp.swift */; };
		FAF00FFA2BE43C33009674E8 /* HomeView.swift in Sources */ = {isa = PBXBuildFile; fileRef = FAF00FF92BE43C33009674E8 /* HomeView.swift */; };
		FAF00FFC2BE43C35009674E8 /* Assets.xcassets in Resources */ = {isa = PBXBuildFile; fileRef = FAF00FFB2BE43C35009674E8 /* Assets.xcassets */; };
		FAF00FFF2BE43C35009674E8 /* Preview Assets.xcassets in Resources */ = {isa = PBXBuildFile; fileRef = FAF00FFE2BE43C35009674E8 /* Preview Assets.xcassets */; };
/* End PBXBuildFile section */

/* Begin PBXFileReference section */
		FAC08D422BED30FF002D7EE4 /* DatabaseManager.swift */ = {isa = PBXFileReference; lastKnownFileType = sourcecode.swift; path = DatabaseManager.swift; sourceTree = "<group>"; };
		FAC08D4E2BED43B2002D7EE4 /* Constants.swift */ = {isa = PBXFileReference; lastKnownFileType = sourcecode.swift; path = Constants.swift; sourceTree = "<group>"; };
		FAC08D5F2BED5672002D7EE4 /* GridView.swift */ = {isa = PBXFileReference; lastKnownFileType = sourcecode.swift; path = GridView.swift; sourceTree = "<group>"; };
		FAC08D632BEDB4B8002D7EE4 /* GameManager.swift */ = {isa = PBXFileReference; lastKnownFileType = sourcecode.swift; path = GameManager.swift; sourceTree = "<group>"; };
		FAC08D652BEDCE84002D7EE4 /* Tile.swift */ = {isa = PBXFileReference; lastKnownFileType = sourcecode.swift; path = Tile.swift; sourceTree = "<group>"; };
		FAC08D672BEDD9EE002D7EE4 /* User.swift */ = {isa = PBXFileReference; lastKnownFileType = sourcecode.swift; path = User.swift; sourceTree = "<group>"; };
		FAC08D692BEE4EC4002D7EE4 /* TileView.swift */ = {isa = PBXFileReference; lastKnownFileType = sourcecode.swift; path = TileView.swift; sourceTree = "<group>"; };
		FAC08D6B2BEE52EC002D7EE4 /* DayTextView.swift */ = {isa = PBXFileReference; lastKnownFileType = sourcecode.swift; path = DayTextView.swift; sourceTree = "<group>"; };
		FAC08D6D2BEE534D002D7EE4 /* ClicksLeftTextView.swift */ = {isa = PBXFileReference; lastKnownFileType = sourcecode.swift; path = ClicksLeftTextView.swift; sourceTree = "<group>"; };
		FAC08D6F2BEE53AC002D7EE4 /* ScoresTextView.swift */ = {isa = PBXFileReference; lastKnownFileType = sourcecode.swift; path = ScoresTextView.swift; sourceTree = "<group>"; };
		FAC08D712BEE560F002D7EE4 /* GameView.swift */ = {isa = PBXFileReference; lastKnownFileType = sourcecode.swift; path = GameView.swift; sourceTree = "<group>"; };
		FAC08D742BEE5712002D7EE4 /* CoolDownOverlayView.swift */ = {isa = PBXFileReference; lastKnownFileType = sourcecode.swift; path = CoolDownOverlayView.swift; sourceTree = "<group>"; };
		FAC08D762BEE5730002D7EE4 /* RestartOverlayView.swift */ = {isa = PBXFileReference; lastKnownFileType = sourcecode.swift; path = RestartOverlayView.swift; sourceTree = "<group>"; };
		FAC08D782BEE573C002D7EE4 /* SeeNextOverlayView.swift */ = {isa = PBXFileReference; lastKnownFileType = sourcecode.swift; path = SeeNextOverlayView.swift; sourceTree = "<group>"; };
		FAC08D7A2BEE589A002D7EE4 /* ColourConstants.swift */ = {isa = PBXFileReference; lastKnownFileType = sourcecode.swift; path = ColourConstants.swift; sourceTree = "<group>"; };
		FAC08D7D2BEE5BD3002D7EE4 /* GameButton.swift */ = {isa = PBXFileReference; lastKnownFileType = sourcecode.swift; path = GameButton.swift; sourceTree = "<group>"; };
		FAC08D7F2BEE717F002D7EE4 /* Info.plist */ = {isa = PBXFileReference; lastKnownFileType = text.plist; path = Info.plist; sourceTree = "<group>"; };
		FAC08D802BEE7529002D7EE4 /* TimerManager.swift */ = {isa = PBXFileReference; lastKnownFileType = sourcecode.swift; path = TimerManager.swift; sourceTree = "<group>"; };
		FAC08D872BEEB789002D7EE4 /* UserContainer.xcdatamodel */ = {isa = PBXFileReference; lastKnownFileType = wrapper.xcdatamodel; path = UserContainer.xcdatamodel; sourceTree = "<group>"; };
		FAC08D892BEEB78A002D7EE4 /* MapContainer.xcdatamodel */ = {isa = PBXFileReference; lastKnownFileType = wrapper.xcdatamodel; path = MapContainer.xcdatamodel; sourceTree = "<group>"; };
		FAF00FF42BE43C33009674E8 /* GameJam.app */ = {isa = PBXFileReference; explicitFileType = wrapper.application; includeInIndex = 0; path = GameJam.app; sourceTree = BUILT_PRODUCTS_DIR; };
		FAF00FF72BE43C33009674E8 /* GameJamApp.swift */ = {isa = PBXFileReference; lastKnownFileType = sourcecode.swift; path = GameJamApp.swift; sourceTree = "<group>"; };
		FAF00FF92BE43C33009674E8 /* HomeView.swift */ = {isa = PBXFileReference; lastKnownFileType = sourcecode.swift; path = HomeView.swift; sourceTree = "<group>"; };
		FAF00FFB2BE43C35009674E8 /* Assets.xcassets */ = {isa = PBXFileReference; lastKnownFileType = folder.assetcatalog; path = Assets.xcassets; sourceTree = "<group>"; };
		FAF00FFE2BE43C35009674E8 /* Preview Assets.xcassets */ = {isa = PBXFileReference; lastKnownFileType = folder.assetcatalog; path = "Preview Assets.xcassets"; sourceTree = "<group>"; };
/* End PBXFileReference section */

/* Begin PBXFrameworksBuildPhase section */
		FAF00FF12BE43C33009674E8 /* Frameworks */ = {
			isa = PBXFrameworksBuildPhase;
			buildActionMask = 2147483647;
			files = (
			);
			runOnlyForDeploymentPostprocessing = 0;
		};
/* End PBXFrameworksBuildPhase section */

/* Begin PBXGroup section */
		FAC08D3D2BEC5514002D7EE4 /* Pages */ = {
			isa = PBXGroup;
			children = (
				FAC08D5D2BED5640002D7EE4 /* HomeView */,
			);
			path = Pages;
			sourceTree = "<group>";
		};
		FAC08D3E2BEC5524002D7EE4 /* Utils */ = {
			isa = PBXGroup;
			children = (
				FAF00FFB2BE43C35009674E8 /* Assets.xcassets */,
				FAC08D4E2BED43B2002D7EE4 /* Constants.swift */,
				FAC08D7A2BEE589A002D7EE4 /* ColourConstants.swift */,
			);
			path = Utils;
			sourceTree = "<group>";
		};
		FAC08D3F2BEC553B002D7EE4 /* Models */ = {
			isa = PBXGroup;
			children = (
				FAC08D652BEDCE84002D7EE4 /* Tile.swift */,
				FAC08D672BEDD9EE002D7EE4 /* User.swift */,
			);
			path = Models;
			sourceTree = "<group>";
		};
		FAC08D402BEC5555002D7EE4 /* Managers */ = {
			isa = PBXGroup;
			children = (
				FAC08D422BED30FF002D7EE4 /* DatabaseManager.swift */,
				FAC08D632BEDB4B8002D7EE4 /* GameManager.swift */,
				FAC08D802BEE7529002D7EE4 /* TimerManager.swift */,
			);
			path = Managers;
			sourceTree = "<group>";
		};
		FAC08D412BEC560C002D7EE4 /* Views */ = {
			isa = PBXGroup;
			children = (
				FAF00FF72BE43C33009674E8 /* GameJamApp.swift */,
				FAC08D3D2BEC5514002D7EE4 /* Pages */,
			);
			path = Views;
			sourceTree = "<group>";
		};
		FAC08D442BED3139002D7EE4 /* Database */ = {
			isa = PBXGroup;
			children = (
				FAC08D882BEEB78A002D7EE4 /* MapContainer.xcdatamodeld */,
				FAC08D862BEEB789002D7EE4 /* UserContainer.xcdatamodeld */,
			);
			path = Database;
			sourceTree = "<group>";
		};
		FAC08D5D2BED5640002D7EE4 /* HomeView */ = {
			isa = PBXGroup;
			children = (
				FAC08D5E2BED5656002D7EE4 /* SubViews */,
				FAF00FF92BE43C33009674E8 /* HomeView.swift */,
			);
			path = HomeView;
			sourceTree = "<group>";
		};
		FAC08D5E2BED5656002D7EE4 /* SubViews */ = {
			isa = PBXGroup;
			children = (
				FAC08D732BEE56FA002D7EE4 /* Overlays */,
				FAC08D7C2BEE5A03002D7EE4 /* Grid */,
				FAC08D6B2BEE52EC002D7EE4 /* DayTextView.swift */,
				FAC08D7D2BEE5BD3002D7EE4 /* GameButton.swift */,
				FAC08D6D2BEE534D002D7EE4 /* ClicksLeftTextView.swift */,
				FAC08D6F2BEE53AC002D7EE4 /* ScoresTextView.swift */,
				FAC08D712BEE560F002D7EE4 /* GameView.swift */,
			);
			path = SubViews;
			sourceTree = "<group>";
		};
		FAC08D732BEE56FA002D7EE4 /* Overlays */ = {
			isa = PBXGroup;
			children = (
				FAC08D742BEE5712002D7EE4 /* CoolDownOverlayView.swift */,
				FAC08D762BEE5730002D7EE4 /* RestartOverlayView.swift */,
				FAC08D782BEE573C002D7EE4 /* SeeNextOverlayView.swift */,
			);
			path = Overlays;
			sourceTree = "<group>";
		};
		FAC08D7C2BEE5A03002D7EE4 /* Grid */ = {
			isa = PBXGroup;
			children = (
				FAC08D5F2BED5672002D7EE4 /* GridView.swift */,
				FAC08D692BEE4EC4002D7EE4 /* TileView.swift */,
			);
			path = Grid;
			sourceTree = "<group>";
		};
		FAF00FEB2BE43C33009674E8 = {
			isa = PBXGroup;
			children = (
				FAF00FF62BE43C33009674E8 /* GameJam */,
				FAF00FF52BE43C33009674E8 /* Products */,
			);
			sourceTree = "<group>";
		};
		FAF00FF52BE43C33009674E8 /* Products */ = {
			isa = PBXGroup;
			children = (
				FAF00FF42BE43C33009674E8 /* GameJam.app */,
			);
			name = Products;
			sourceTree = "<group>";
		};
		FAF00FF62BE43C33009674E8 /* GameJam */ = {
			isa = PBXGroup;
			children = (
				FAC08D7F2BEE717F002D7EE4 /* Info.plist */,
				FAC08D412BEC560C002D7EE4 /* Views */,
				FAC08D3E2BEC5524002D7EE4 /* Utils */,
				FAC08D402BEC5555002D7EE4 /* Managers */,
				FAC08D3F2BEC553B002D7EE4 /* Models */,
				FAC08D442BED3139002D7EE4 /* Database */,
				FAF00FFD2BE43C35009674E8 /* Preview Content */,
			);
			path = GameJam;
			sourceTree = "<group>";
		};
		FAF00FFD2BE43C35009674E8 /* Preview Content */ = {
			isa = PBXGroup;
			children = (
				FAF00FFE2BE43C35009674E8 /* Preview Assets.xcassets */,
			);
			path = "Preview Content";
			sourceTree = "<group>";
		};
/* End PBXGroup section */

/* Begin PBXNativeTarget section */
		FAF00FF32BE43C33009674E8 /* GameJam */ = {
			isa = PBXNativeTarget;
			buildConfigurationList = FAF010072BE43C35009674E8 /* Build configuration list for PBXNativeTarget "GameJam" */;
			buildPhases = (
				FAF00FF02BE43C33009674E8 /* Sources */,
				FAF00FF12BE43C33009674E8 /* Frameworks */,
				FAF00FF22BE43C33009674E8 /* Resources */,
			);
			buildRules = (
			);
			dependencies = (
			);
			name = GameJam;
			productName = GameJam;
			productReference = FAF00FF42BE43C33009674E8 /* GameJam.app */;
			productType = "com.apple.product-type.application";
		};
/* End PBXNativeTarget section */

/* Begin PBXProject section */
		FAF00FEC2BE43C33009674E8 /* Project object */ = {
			isa = PBXProject;
			attributes = {
				BuildIndependentTargetsInParallel = 1;
				LastSwiftUpdateCheck = 1530;
				LastUpgradeCheck = 1530;
				TargetAttributes = {
					FAF00FF32BE43C33009674E8 = {
						CreatedOnToolsVersion = 15.3;
					};
				};
			};
			buildConfigurationList = FAF00FEF2BE43C33009674E8 /* Build configuration list for PBXProject "GameJam" */;
			compatibilityVersion = "Xcode 14.0";
			developmentRegion = en;
			hasScannedForEncodings = 0;
			knownRegions = (
				en,
				Base,
			);
			mainGroup = FAF00FEB2BE43C33009674E8;
			productRefGroup = FAF00FF52BE43C33009674E8 /* Products */;
			projectDirPath = "";
			projectRoot = "";
			targets = (
				FAF00FF32BE43C33009674E8 /* GameJam */,
			);
		};
/* End PBXProject section */

/* Begin PBXResourcesBuildPhase section */
		FAF00FF22BE43C33009674E8 /* Resources */ = {
			isa = PBXResourcesBuildPhase;
			buildActionMask = 2147483647;
			files = (
				FAF00FFF2BE43C35009674E8 /* Preview Assets.xcassets in Resources */,
				FAF00FFC2BE43C35009674E8 /* Assets.xcassets in Resources */,
			);
			runOnlyForDeploymentPostprocessing = 0;
		};
/* End PBXResourcesBuildPhase section */

/* Begin PBXSourcesBuildPhase section */
		FAF00FF02BE43C33009674E8 /* Sources */ = {
			isa = PBXSourcesBuildPhase;
			buildActionMask = 2147483647;
			files = (
				FAC08D702BEE53AC002D7EE4 /* ScoresTextView.swift in Sources */,
				FAC08D6A2BEE4EC4002D7EE4 /* TileView.swift in Sources */,
				FAC08D7B2BEE589A002D7EE4 /* ColourConstants.swift in Sources */,
				FAC08D6C2BEE52EC002D7EE4 /* DayTextView.swift in Sources */,
				FAC08D722BEE560F002D7EE4 /* GameView.swift in Sources */,
				FAC08D8B2BEEB78A002D7EE4 /* MapContainer.xcdatamodeld in Sources */,
				FAC08D642BEDB4B8002D7EE4 /* GameManager.swift in Sources */,
				FAC08D6E2BEE534D002D7EE4 /* ClicksLeftTextView.swift in Sources */,
				FAC08D752BEE5712002D7EE4 /* CoolDownOverlayView.swift in Sources */,
				FAC08D792BEE573C002D7EE4 /* SeeNextOverlayView.swift in Sources */,
				FAF00FFA2BE43C33009674E8 /* HomeView.swift in Sources */,
				FAF00FF82BE43C33009674E8 /* GameJamApp.swift in Sources */,
				FAC08D812BEE7529002D7EE4 /* TimerManager.swift in Sources */,
				FAC08D602BED5672002D7EE4 /* GridView.swift in Sources */,
				FAC08D432BED30FF002D7EE4 /* DatabaseManager.swift in Sources */,
				FAC08D8A2BEEB78A002D7EE4 /* UserContainer.xcdatamodeld in Sources */,
				FAC08D662BEDCE84002D7EE4 /* Tile.swift in Sources */,
				FAC08D7E2BEE5BD4002D7EE4 /* GameButton.swift in Sources */,
				FAC08D682BEDD9EE002D7EE4 /* User.swift in Sources */,
				FAC08D772BEE5730002D7EE4 /* RestartOverlayView.swift in Sources */,
				FAC08D4F2BED43B2002D7EE4 /* Constants.swift in Sources */,
			);
			runOnlyForDeploymentPostprocessing = 0;
		};
/* End PBXSourcesBuildPhase section */

/* Begin XCBuildConfiguration section */
		FAF010052BE43C35009674E8 /* Debug */ = {
			isa = XCBuildConfiguration;
			buildSettings = {
				ALWAYS_SEARCH_USER_PATHS = NO;
				ASSETCATALOG_COMPILER_GENERATE_SWIFT_ASSET_SYMBOL_EXTENSIONS = YES;
				CLANG_ANALYZER_NONNULL = YES;
				CLANG_ANALYZER_NUMBER_OBJECT_CONVERSION = YES_AGGRESSIVE;
				CLANG_CXX_LANGUAGE_STANDARD = "gnu++20";
				CLANG_ENABLE_MODULES = YES;
				CLANG_ENABLE_OBJC_ARC = YES;
				CLANG_ENABLE_OBJC_WEAK = YES;
				CLANG_WARN_BLOCK_CAPTURE_AUTORELEASING = YES;
				CLANG_WARN_BOOL_CONVERSION = YES;
				CLANG_WARN_COMMA = YES;
				CLANG_WARN_CONSTANT_CONVERSION = YES;
				CLANG_WARN_DEPRECATED_OBJC_IMPLEMENTATIONS = YES;
				CLANG_WARN_DIRECT_OBJC_ISA_USAGE = YES_ERROR;
				CLANG_WARN_DOCUMENTATION_COMMENTS = YES;
				CLANG_WARN_EMPTY_BODY = YES;
				CLANG_WARN_ENUM_CONVERSION = YES;
				CLANG_WARN_INFINITE_RECURSION = YES;
				CLANG_WARN_INT_CONVERSION = YES;
				CLANG_WARN_NON_LITERAL_NULL_CONVERSION = YES;
				CLANG_WARN_OBJC_IMPLICIT_RETAIN_SELF = YES;
				CLANG_WARN_OBJC_LITERAL_CONVERSION = YES;
				CLANG_WARN_OBJC_ROOT_CLASS = YES_ERROR;
				CLANG_WARN_QUOTED_INCLUDE_IN_FRAMEWORK_HEADER = YES;
				CLANG_WARN_RANGE_LOOP_ANALYSIS = YES;
				CLANG_WARN_STRICT_PROTOTYPES = YES;
				CLANG_WARN_SUSPICIOUS_MOVE = YES;
				CLANG_WARN_UNGUARDED_AVAILABILITY = YES_AGGRESSIVE;
				CLANG_WARN_UNREACHABLE_CODE = YES;
				CLANG_WARN__DUPLICATE_METHOD_MATCH = YES;
				COPY_PHASE_STRIP = NO;
				DEBUG_INFORMATION_FORMAT = dwarf;
				ENABLE_STRICT_OBJC_MSGSEND = YES;
				ENABLE_TESTABILITY = YES;
				ENABLE_USER_SCRIPT_SANDBOXING = YES;
				GCC_C_LANGUAGE_STANDARD = gnu17;
				GCC_DYNAMIC_NO_PIC = NO;
				GCC_NO_COMMON_BLOCKS = YES;
				GCC_OPTIMIZATION_LEVEL = 0;
				GCC_PREPROCESSOR_DEFINITIONS = (
					"DEBUG=1",
					"$(inherited)",
				);
				GCC_WARN_64_TO_32_BIT_CONVERSION = YES;
				GCC_WARN_ABOUT_RETURN_TYPE = YES_ERROR;
				GCC_WARN_UNDECLARED_SELECTOR = YES;
				GCC_WARN_UNINITIALIZED_AUTOS = YES_AGGRESSIVE;
				GCC_WARN_UNUSED_FUNCTION = YES;
				GCC_WARN_UNUSED_VARIABLE = YES;
				IPHONEOS_DEPLOYMENT_TARGET = 17.4;
				LOCALIZATION_PREFERS_STRING_CATALOGS = YES;
				MTL_ENABLE_DEBUG_INFO = INCLUDE_SOURCE;
				MTL_FAST_MATH = YES;
				ONLY_ACTIVE_ARCH = YES;
				SDKROOT = iphoneos;
				SWIFT_ACTIVE_COMPILATION_CONDITIONS = "DEBUG $(inherited)";
				SWIFT_OPTIMIZATION_LEVEL = "-Onone";
			};
			name = Debug;
		};
		FAF010062BE43C35009674E8 /* Release */ = {
			isa = XCBuildConfiguration;
			buildSettings = {
				ALWAYS_SEARCH_USER_PATHS = NO;
				ASSETCATALOG_COMPILER_GENERATE_SWIFT_ASSET_SYMBOL_EXTENSIONS = YES;
				CLANG_ANALYZER_NONNULL = YES;
				CLANG_ANALYZER_NUMBER_OBJECT_CONVERSION = YES_AGGRESSIVE;
				CLANG_CXX_LANGUAGE_STANDARD = "gnu++20";
				CLANG_ENABLE_MODULES = YES;
				CLANG_ENABLE_OBJC_ARC = YES;
				CLANG_ENABLE_OBJC_WEAK = YES;
				CLANG_WARN_BLOCK_CAPTURE_AUTORELEASING = YES;
				CLANG_WARN_BOOL_CONVERSION = YES;
				CLANG_WARN_COMMA = YES;
				CLANG_WARN_CONSTANT_CONVERSION = YES;
				CLANG_WARN_DEPRECATED_OBJC_IMPLEMENTATIONS = YES;
				CLANG_WARN_DIRECT_OBJC_ISA_USAGE = YES_ERROR;
				CLANG_WARN_DOCUMENTATION_COMMENTS = YES;
				CLANG_WARN_EMPTY_BODY = YES;
				CLANG_WARN_ENUM_CONVERSION = YES;
				CLANG_WARN_INFINITE_RECURSION = YES;
				CLANG_WARN_INT_CONVERSION = YES;
				CLANG_WARN_NON_LITERAL_NULL_CONVERSION = YES;
				CLANG_WARN_OBJC_IMPLICIT_RETAIN_SELF = YES;
				CLANG_WARN_OBJC_LITERAL_CONVERSION = YES;
				CLANG_WARN_OBJC_ROOT_CLASS = YES_ERROR;
				CLANG_WARN_QUOTED_INCLUDE_IN_FRAMEWORK_HEADER = YES;
				CLANG_WARN_RANGE_LOOP_ANALYSIS = YES;
				CLANG_WARN_STRICT_PROTOTYPES = YES;
				CLANG_WARN_SUSPICIOUS_MOVE = YES;
				CLANG_WARN_UNGUARDED_AVAILABILITY = YES_AGGRESSIVE;
				CLANG_WARN_UNREACHABLE_CODE = YES;
				CLANG_WARN__DUPLICATE_METHOD_MATCH = YES;
				COPY_PHASE_STRIP = NO;
				DEBUG_INFORMATION_FORMAT = "dwarf-with-dsym";
				ENABLE_NS_ASSERTIONS = NO;
				ENABLE_STRICT_OBJC_MSGSEND = YES;
				ENABLE_USER_SCRIPT_SANDBOXING = YES;
				GCC_C_LANGUAGE_STANDARD = gnu17;
				GCC_NO_COMMON_BLOCKS = YES;
				GCC_WARN_64_TO_32_BIT_CONVERSION = YES;
				GCC_WARN_ABOUT_RETURN_TYPE = YES_ERROR;
				GCC_WARN_UNDECLARED_SELECTOR = YES;
				GCC_WARN_UNINITIALIZED_AUTOS = YES_AGGRESSIVE;
				GCC_WARN_UNUSED_FUNCTION = YES;
				GCC_WARN_UNUSED_VARIABLE = YES;
				IPHONEOS_DEPLOYMENT_TARGET = 17.4;
				LOCALIZATION_PREFERS_STRING_CATALOGS = YES;
				MTL_ENABLE_DEBUG_INFO = NO;
				MTL_FAST_MATH = YES;
				SDKROOT = iphoneos;
				SWIFT_COMPILATION_MODE = wholemodule;
				VALIDATE_PRODUCT = YES;
			};
			name = Release;
		};
		FAF010082BE43C35009674E8 /* Debug */ = {
			isa = XCBuildConfiguration;
			buildSettings = {
				ASSETCATALOG_COMPILER_APPICON_NAME = AppIcon;
				ASSETCATALOG_COMPILER_GLOBAL_ACCENT_COLOR_NAME = AccentColor;
				CODE_SIGN_STYLE = Automatic;
				CURRENT_PROJECT_VERSION = 1;
				DEVELOPMENT_ASSET_PATHS = "\"GameJam/Preview Content\"";
				DEVELOPMENT_TEAM = 38Q4P5CTH8;
				ENABLE_PREVIEWS = YES;
				GENERATE_INFOPLIST_FILE = YES;
				INFOPLIST_FILE = GameJam/Info.plist;
				INFOPLIST_KEY_UIApplicationSceneManifest_Generation = YES;
				INFOPLIST_KEY_UIApplicationSupportsIndirectInputEvents = YES;
				INFOPLIST_KEY_UILaunchScreen_Generation = YES;
				INFOPLIST_KEY_UISupportedInterfaceOrientations_iPad = "UIInterfaceOrientationPortrait UIInterfaceOrientationPortraitUpsideDown UIInterfaceOrientationLandscapeLeft UIInterfaceOrientationLandscapeRight";
				INFOPLIST_KEY_UISupportedInterfaceOrientations_iPhone = "UIInterfaceOrientationPortrait UIInterfaceOrientationLandscapeLeft UIInterfaceOrientationLandscapeRight";
				IPHONEOS_DEPLOYMENT_TARGET = 16.0;
				LD_RUNPATH_SEARCH_PATHS = (
					"$(inherited)",
					"@executable_path/Frameworks",
				);
				MARKETING_VERSION = 1.0;
				PRODUCT_BUNDLE_IDENTIFIER = Yosh.GameJam;
				PRODUCT_NAME = "$(TARGET_NAME)";
				SWIFT_EMIT_LOC_STRINGS = YES;
				SWIFT_VERSION = 5.0;
				TARGETED_DEVICE_FAMILY = "1,2";
			};
			name = Debug;
		};
		FAF010092BE43C35009674E8 /* Release */ = {
			isa = XCBuildConfiguration;
			buildSettings = {
				ASSETCATALOG_COMPILER_APPICON_NAME = AppIcon;
				ASSETCATALOG_COMPILER_GLOBAL_ACCENT_COLOR_NAME = AccentColor;
				CODE_SIGN_STYLE = Automatic;
				CURRENT_PROJECT_VERSION = 1;
				DEVELOPMENT_ASSET_PATHS = "\"GameJam/Preview Content\"";
				DEVELOPMENT_TEAM = 38Q4P5CTH8;
				ENABLE_PREVIEWS = YES;
				GENERATE_INFOPLIST_FILE = YES;
				INFOPLIST_FILE = GameJam/Info.plist;
				INFOPLIST_KEY_UIApplicationSceneManifest_Generation = YES;
				INFOPLIST_KEY_UIApplicationSupportsIndirectInputEvents = YES;
				INFOPLIST_KEY_UILaunchScreen_Generation = YES;
				INFOPLIST_KEY_UISupportedInterfaceOrientations_iPad = "UIInterfaceOrientationPortrait UIInterfaceOrientationPortraitUpsideDown UIInterfaceOrientationLandscapeLeft UIInterfaceOrientationLandscapeRight";
				INFOPLIST_KEY_UISupportedInterfaceOrientations_iPhone = "UIInterfaceOrientationPortrait UIInterfaceOrientationLandscapeLeft UIInterfaceOrientationLandscapeRight";
				IPHONEOS_DEPLOYMENT_TARGET = 16.0;
				LD_RUNPATH_SEARCH_PATHS = (
					"$(inherited)",
					"@executable_path/Frameworks",
				);
				MARKETING_VERSION = 1.0;
				PRODUCT_BUNDLE_IDENTIFIER = Yosh.GameJam;
				PRODUCT_NAME = "$(TARGET_NAME)";
				SWIFT_EMIT_LOC_STRINGS = YES;
				SWIFT_VERSION = 5.0;
				TARGETED_DEVICE_FAMILY = "1,2";
			};
			name = Release;
		};
/* End XCBuildConfiguration section */

/* Begin XCConfigurationList section */
		FAF00FEF2BE43C33009674E8 /* Build configuration list for PBXProject "GameJam" */ = {
			isa = XCConfigurationList;
			buildConfigurations = (
				FAF010052BE43C35009674E8 /* Debug */,
				FAF010062BE43C35009674E8 /* Release */,
			);
			defaultConfigurationIsVisible = 0;
			defaultConfigurationName = Release;
		};
		FAF010072BE43C35009674E8 /* Build configuration list for PBXNativeTarget "GameJam" */ = {
			isa = XCConfigurationList;
			buildConfigurations = (
				FAF010082BE43C35009674E8 /* Debug */,
				FAF010092BE43C35009674E8 /* Release */,
			);
			defaultConfigurationIsVisible = 0;
			defaultConfigurationName = Release;
		};
/* End XCConfigurationList section */

/* Begin XCVersionGroup section */
		FAC08D862BEEB789002D7EE4 /* UserContainer.xcdatamodeld */ = {
			isa = XCVersionGroup;
			children = (
				FAC08D872BEEB789002D7EE4 /* UserContainer.xcdatamodel */,
			);
			currentVersion = FAC08D872BEEB789002D7EE4 /* UserContainer.xcdatamodel */;
			name = UserContainer.xcdatamodeld;
			path = /Users/alex/Desktop/GameJamDailyPuzzle/GameJam/GameJam/Database/UserContainer.xcdatamodeld;
			sourceTree = "<group>";
			versionGroupType = wrapper.xcdatamodel;
		};
		FAC08D882BEEB78A002D7EE4 /* MapContainer.xcdatamodeld */ = {
			isa = XCVersionGroup;
			children = (
				FAC08D892BEEB78A002D7EE4 /* MapContainer.xcdatamodel */,
			);
			currentVersion = FAC08D892BEEB78A002D7EE4 /* MapContainer.xcdatamodel */;
			name = MapContainer.xcdatamodeld;
			path = /Users/alex/Desktop/GameJamDailyPuzzle/GameJam/GameJam/Database/MapContainer.xcdatamodeld;
			sourceTree = "<group>";
			versionGroupType = wrapper.xcdatamodel;
		};
/* End XCVersionGroup section */
	};
	rootObject = FAF00FEC2BE43C33009674E8 /* Project object */;
}
